
Microsoft Visual Studio Solution File, Format Version 12.00
# Visual Studio Version 16
VisualStudioVersion = 16.0.29905.134
MinimumVisualStudioVersion = 10.0.40219.1
Project("{FAE04EC0-301F-11D3-BF4B-00C04F79EFBC}") = "BankAccount", "BankAccount\BankAccount.csproj", "{BDCB987B-0AFA-4593-8C0E-88B7DFDB2767}"
EndProject
Global
	GlobalSection(SolutionConfigurationPlatforms) = preSolution
		Debug|Any CPU = Debug|Any CPU
		Release|Any CPU = Release|Any CPU
	EndGlobalSection
	GlobalSection(ProjectConfigurationPlatforms) = postSolution
		{BDCB987B-0AFA-4593-8C0E-88B7DFDB2767}.Debug|Any CPU.ActiveCfg = Debug|Any CPU
		{BDCB987B-0AFA-4593-8C0E-88B7DFDB2767}.Debug|Any CPU.Build.0 = Debug|Any CPU
		{BDCB987B-0AFA-4593-8C0E-88B7DFDB2767}.Release|Any CPU.ActiveCfg = Release|Any CPU
		{BDCB987B-0AFA-4593-8C0E-88B7DFDB2767}.Release|Any CPU.Build.0 = Release|Any CPU
	EndGlobalSection
	GlobalSection(SolutionProperties) = preSolution
		HideSolutionNode = FALSE
	EndGlobalSection
	GlobalSection(ExtensibilityGlobals) = postSolution
		SolutionGuid = {F9B7D8B2-D242-45A7-B6C2-E009A1E1388C}
	EndGlobalSection
EndGlobal
