
Microsoft Visual Studio Solution File, Format Version 12.00
# Visual Studio Version 16
VisualStudioVersion = 16.0.29905.134
MinimumVisualStudioVersion = 10.0.40219.1
Project("{9A19103F-16F7-4668-BE54-9A1E7A4F7556}") = "MyClass", "MyClass\MyClass.csproj", "{C397BED5-C19E-4298-B01F-D031816789F9}"
EndProject
Project("{FAE04EC0-301F-11D3-BF4B-00C04F79EFBC}") = "Bibl", "Bibl\Bibl.csproj", "{8A9DF22F-6DF7-4D7F-BCC1-B471DAB14662}"
EndProject
Global
	GlobalSection(SolutionConfigurationPlatforms) = preSolution
		Debug|Any CPU = Debug|Any CPU
		Release|Any CPU = Release|Any CPU
	EndGlobalSection
	GlobalSection(ProjectConfigurationPlatforms) = postSolution
		{C397BED5-C19E-4298-B01F-D031816789F9}.Debug|Any CPU.ActiveCfg = Debug|Any CPU
		{C397BED5-C19E-4298-B01F-D031816789F9}.Debug|Any CPU.Build.0 = Debug|Any CPU
		{C397BED5-C19E-4298-B01F-D031816789F9}.Release|Any CPU.ActiveCfg = Release|Any CPU
		{C397BED5-C19E-4298-B01F-D031816789F9}.Release|Any CPU.Build.0 = Release|Any CPU
		{8A9DF22F-6DF7-4D7F-BCC1-B471DAB14662}.Debug|Any CPU.ActiveCfg = Debug|Any CPU
		{8A9DF22F-6DF7-4D7F-BCC1-B471DAB14662}.Debug|Any CPU.Build.0 = Debug|Any CPU
		{8A9DF22F-6DF7-4D7F-BCC1-B471DAB14662}.Release|Any CPU.ActiveCfg = Release|Any CPU
		{8A9DF22F-6DF7-4D7F-BCC1-B471DAB14662}.Release|Any CPU.Build.0 = Release|Any CPU
	EndGlobalSection
	GlobalSection(SolutionProperties) = preSolution
		HideSolutionNode = FALSE
	EndGlobalSection
	GlobalSection(ExtensibilityGlobals) = postSolution
		SolutionGuid = {31DE91B5-301E-4AD5-8437-FB98094F8F17}
	EndGlobalSection
EndGlobal
