
Microsoft Visual Studio Solution File, Format Version 12.00
# Visual Studio Version 16
VisualStudioVersion = 16.0.29905.134
MinimumVisualStudioVersion = 10.0.40219.1
Project("{FAE04EC0-301F-11D3-BF4B-00C04F79EFBC}") = "Divider", "Divider\Divider.csproj", "{31E02F34-CE35-4665-A7B3-62EE12269AB1}"
EndProject
Global
	GlobalSection(SolutionConfigurationPlatforms) = preSolution
		Debug|Any CPU = Debug|Any CPU
		Release|Any CPU = Release|Any CPU
	EndGlobalSection
	GlobalSection(ProjectConfigurationPlatforms) = postSolution
		{31E02F34-CE35-4665-A7B3-62EE12269AB1}.Debug|Any CPU.ActiveCfg = Debug|Any CPU
		{31E02F34-CE35-4665-A7B3-62EE12269AB1}.Debug|Any CPU.Build.0 = Debug|Any CPU
		{31E02F34-CE35-4665-A7B3-62EE12269AB1}.Release|Any CPU.ActiveCfg = Release|Any CPU
		{31E02F34-CE35-4665-A7B3-62EE12269AB1}.Release|Any CPU.Build.0 = Release|Any CPU
	EndGlobalSection
	GlobalSection(SolutionProperties) = preSolution
		HideSolutionNode = FALSE
	EndGlobalSection
	GlobalSection(ExtensibilityGlobals) = postSolution
		SolutionGuid = {F992E4C2-6CD6-483C-BF33-CE2D03C9AB36}
	EndGlobalSection
EndGlobal
