
Microsoft Visual Studio Solution File, Format Version 12.00
# Visual Studio Version 16
VisualStudioVersion = 16.0.29905.134
MinimumVisualStudioVersion = 10.0.40219.1
Project("{FAE04EC0-301F-11D3-BF4B-00C04F79EFBC}") = "Calc_switch", "Calc_switch\Calc_switch.csproj", "{B882A011-BA43-404A-91FF-59A38B9EDB7D}"
EndProject
Global
	GlobalSection(SolutionConfigurationPlatforms) = preSolution
		Debug|Any CPU = Debug|Any CPU
		Release|Any CPU = Release|Any CPU
	EndGlobalSection
	GlobalSection(ProjectConfigurationPlatforms) = postSolution
		{B882A011-BA43-404A-91FF-59A38B9EDB7D}.Debug|Any CPU.ActiveCfg = Debug|Any CPU
		{B882A011-BA43-404A-91FF-59A38B9EDB7D}.Debug|Any CPU.Build.0 = Debug|Any CPU
		{B882A011-BA43-404A-91FF-59A38B9EDB7D}.Release|Any CPU.ActiveCfg = Release|Any CPU
		{B882A011-BA43-404A-91FF-59A38B9EDB7D}.Release|Any CPU.Build.0 = Release|Any CPU
	EndGlobalSection
	GlobalSection(SolutionProperties) = preSolution
		HideSolutionNode = FALSE
	EndGlobalSection
	GlobalSection(ExtensibilityGlobals) = postSolution
		SolutionGuid = {E8C06E69-60B9-48A8-9C24-431FA26D29F3}
	EndGlobalSection
EndGlobal
