
Microsoft Visual Studio Solution File, Format Version 12.00
# Visual Studio Version 16
VisualStudioVersion = 16.0.29905.134
MinimumVisualStudioVersion = 10.0.40219.1
Project("{FAE04EC0-301F-11D3-BF4B-00C04F79EFBC}") = "Triangle", "Triangle\Triangle.csproj", "{4BF9F5A0-8FD9-46E4-980A-2F17949EEC58}"
EndProject
Global
	GlobalSection(SolutionConfigurationPlatforms) = preSolution
		Debug|Any CPU = Debug|Any CPU
		Release|Any CPU = Release|Any CPU
	EndGlobalSection
	GlobalSection(ProjectConfigurationPlatforms) = postSolution
		{4BF9F5A0-8FD9-46E4-980A-2F17949EEC58}.Debug|Any CPU.ActiveCfg = Debug|Any CPU
		{4BF9F5A0-8FD9-46E4-980A-2F17949EEC58}.Debug|Any CPU.Build.0 = Debug|Any CPU
		{4BF9F5A0-8FD9-46E4-980A-2F17949EEC58}.Release|Any CPU.ActiveCfg = Release|Any CPU
		{4BF9F5A0-8FD9-46E4-980A-2F17949EEC58}.Release|Any CPU.Build.0 = Release|Any CPU
	EndGlobalSection
	GlobalSection(SolutionProperties) = preSolution
		HideSolutionNode = FALSE
	EndGlobalSection
	GlobalSection(ExtensibilityGlobals) = postSolution
		SolutionGuid = {E82943F6-A59B-4D96-95A7-4568F092F6AB}
	EndGlobalSection
EndGlobal
