
Microsoft Visual Studio Solution File, Format Version 12.00
# Visual Studio Version 16
VisualStudioVersion = 16.0.29905.134
MinimumVisualStudioVersion = 10.0.40219.1
Project("{FAE04EC0-301F-11D3-BF4B-00C04F79EFBC}") = "StructType", "StructType\StructType.csproj", "{5F279770-664F-446D-A52A-290BAA2494F8}"
EndProject
Global
	GlobalSection(SolutionConfigurationPlatforms) = preSolution
		Debug|Any CPU = Debug|Any CPU
		Release|Any CPU = Release|Any CPU
	EndGlobalSection
	GlobalSection(ProjectConfigurationPlatforms) = postSolution
		{5F279770-664F-446D-A52A-290BAA2494F8}.Debug|Any CPU.ActiveCfg = Debug|Any CPU
		{5F279770-664F-446D-A52A-290BAA2494F8}.Debug|Any CPU.Build.0 = Debug|Any CPU
		{5F279770-664F-446D-A52A-290BAA2494F8}.Release|Any CPU.ActiveCfg = Release|Any CPU
		{5F279770-664F-446D-A52A-290BAA2494F8}.Release|Any CPU.Build.0 = Release|Any CPU
	EndGlobalSection
	GlobalSection(SolutionProperties) = preSolution
		HideSolutionNode = FALSE
	EndGlobalSection
	GlobalSection(ExtensibilityGlobals) = postSolution
		SolutionGuid = {CE7D8D91-3528-4EBB-9274-CC48EC3E994C}
	EndGlobalSection
EndGlobal
