
Microsoft Visual Studio Solution File, Format Version 12.00
# Visual Studio Version 16
VisualStudioVersion = 16.0.30011.22
MinimumVisualStudioVersion = 10.0.40219.1
Project("{9A19103F-16F7-4668-BE54-9A1E7A4F7556}") = "StudyCenter", "StudyCenter\StudyCenter.csproj", "{D43D28C3-B6F8-4701-ABB0-2DEB35462F57}"
EndProject
Project("{FAE04EC0-301F-11D3-BF4B-00C04F79EFBC}") = "SC", "SC\SC.csproj", "{ADA92276-F1F1-499B-A193-29C56B1ED35E}"
EndProject
Global
	GlobalSection(SolutionConfigurationPlatforms) = preSolution
		Debug|Any CPU = Debug|Any CPU
		Release|Any CPU = Release|Any CPU
	EndGlobalSection
	GlobalSection(ProjectConfigurationPlatforms) = postSolution
		{D43D28C3-B6F8-4701-ABB0-2DEB35462F57}.Debug|Any CPU.ActiveCfg = Debug|Any CPU
		{D43D28C3-B6F8-4701-ABB0-2DEB35462F57}.Debug|Any CPU.Build.0 = Debug|Any CPU
		{D43D28C3-B6F8-4701-ABB0-2DEB35462F57}.Release|Any CPU.ActiveCfg = Release|Any CPU
		{D43D28C3-B6F8-4701-ABB0-2DEB35462F57}.Release|Any CPU.Build.0 = Release|Any CPU
		{ADA92276-F1F1-499B-A193-29C56B1ED35E}.Debug|Any CPU.ActiveCfg = Debug|Any CPU
		{ADA92276-F1F1-499B-A193-29C56B1ED35E}.Debug|Any CPU.Build.0 = Debug|Any CPU
		{ADA92276-F1F1-499B-A193-29C56B1ED35E}.Release|Any CPU.ActiveCfg = Release|Any CPU
		{ADA92276-F1F1-499B-A193-29C56B1ED35E}.Release|Any CPU.Build.0 = Release|Any CPU
	EndGlobalSection
	GlobalSection(SolutionProperties) = preSolution
		HideSolutionNode = FALSE
	EndGlobalSection
	GlobalSection(ExtensibilityGlobals) = postSolution
		SolutionGuid = {7FDB8E1B-A8C9-4A2B-8EBF-6767441DC4D3}
	EndGlobalSection
EndGlobal
